{
  "name": "Iris",
  "lockfileVersion": 3,
  "requires": true,
  "packages": {
    "": {
      "dependencies": {
        "jquery": "^3.7.1",
        "siriwave": "^2.4.0",
        "textillate": "^0.4.1"
      }
    },
    "node_modules/animate.css": {
      "version": "4.1.1",
      "resolved": "https://registry.npmjs.org/animate.css/-/animate.css-4.1.1.tgz",
      "integrity": "sha512-+mRmCTv6SbCmtYJCN4faJMNFVNN5EuCTTprDTAo7YzIGji2KADmakjVA3+8mVDkZ2Bf09vayB35lSQIex2+QaQ=="
    },
    "node_modules/jquery": {
      "version": "3.7.1",
      "resolved": "https://registry.npmjs.org/jquery/-/jquery-3.7.1.tgz",
      "integrity": "sha512-m4avr8yL8kmFN8psrbFFFmB/If14iN5o9nw/NgnnM+kybDJpRsAynV2BsfpTYrTRysYUdADVD7CkUUizgkpLfg=="
    },
    "node_modules/letteringjs": {
      "version": "0.7.0",
      "resolved": "https://registry.npmjs.org/letteringjs/-/letteringjs-0.7.0.tgz",
      "integrity": "sha512-SxUgCo+TPuc46z4JUn2ObHnd1xaBtmfXF7yZr9eR1mLYUDwWyVJgsCfDOpaaVb0WkSc7EXXKtwXZTSSBMR+fTw==",
      "dependencies": {
        "jquery": ">= 1.6.2"
      }
    },
    "node_modules/siriwave": {
      "version": "2.4.0",
      "resolved": "https://registry.npmjs.org/siriwave/-/siriwave-2.4.0.tgz",
      "integrity": "sha512-J9X/URPuwXw800mJnnTnEIaDn2n9ZXWEX827oRdIGMwOtFi2FF5Xet2ifQhXFLx7/SYmEQ2UOxtUZP6bUkNqeQ=="
    },
    "node_modules/textillate": {
      "version": "0.4.1",
      "resolved": "https://registry.npmjs.org/textillate/-/textillate-0.4.1.tgz",
      "integrity": "sha512-htUal0T4DsDLLtozLrRGe4snjmVj5eM/goAiBvcg8bK3VUvMMkN7xE0IhuawXNQm+6z0vrH3dIKNYJwyWssaEg==",
      "dependencies": {
        "animate.css": ">= 3.0.0",
        "jquery": ">= 1.6.2",
        "letteringjs": ">= 0.6.1"
      }
    }
  }
}
